// !$*UTF8*$!
{
	archiveVersion = 1;
	classes = {
	};
	objectVersion = 54;
	objects = {

/* Begin PBXBuildFile section */
		0C80B921A6F3F58F76C31292 /* libPods-FreshBhoj.a in Frameworks */ = {isa = PBXBuildFile; fileRef = 5DCACB8F33CDC322A6C60F78 /* libPods-FreshBhoj.a */; };
		13B07FBF1A68108700A75B9A /* Images.xcassets in Resources */ = {isa = PBXBuildFile; fileRef = 13B07FB51A68108700A75B9A /* Images.xcassets */; };
		761780ED2CA45674006654EE /* AppDelegate.swift in Sources */ = {isa = PBXBuildFile; fileRef = 761780EC2CA45674006654EE /* AppDelegate.swift */; };
		81AB9BB82411601600AC10FF /* LaunchScreen.storyboard in Resources */ = {isa = PBXBuildFile; fileRef = 81AB9BB72411601600AC10FF /* LaunchScreen.storyboard */; };
		9944A67DA7CB48EFA7E458FF /* ABeeZee-Italic.ttf in Resources */ = {isa = PBXBuildFile; fileRef = FEBD11EFC6944AFB83831A1B /* ABeeZee-Italic.ttf */; };
		15C233541D3C4D3A8A0CD58F /* ABeeZee-Regular.ttf in Resources */ = {isa = PBXBuildFile; fileRef = B994A7971AB841F799C025B1 /* ABeeZee-Regular.ttf */; };
		059C2C9999CB4F97A18981B2 /* ADLaMDisplay.ttf in Resources */ = {isa = PBXBuildFile; fileRef = 6042B1A0F9C14A519CA43038 /* ADLaMDisplay.ttf */; };
		FB765826C727470881375785 /* anekkannada_bold.ttf in Resources */ = {isa = PBXBuildFile; fileRef = 06269A66F7194645BC0F1302 /* anekkannada_bold.ttf */; };
		07EE23947E494E78AEDD3AD2 /* anekkannada_medium.ttf in Resources */ = {isa = PBXBuildFile; fileRef = D09E4DC955D84A8493666F86 /* anekkannada_medium.ttf */; };
		6CC672A4E92E4FDEBDD61A6D /* anekkannada_regular.ttf in Resources */ = {isa = PBXBuildFile; fileRef = 1081561E915E47D289AA55AF /* anekkannada_regular.ttf */; };
		F186C77910854E42A0B6B9DA /* anekkannada_semibold.ttf in Resources */ = {isa = PBXBuildFile; fileRef = 0BFE55D597484899881A6CCF /* anekkannada_semibold.ttf */; };
		C2026D1018EB4362A2B13701 /* Inter.ttf in Resources */ = {isa = PBXBuildFile; fileRef = 8F8E39F348EE477DA8BBCF12 /* Inter.ttf */; };
		C1D223966DB7479BAC7E2064 /* khula_bold.ttf in Resources */ = {isa = PBXBuildFile; fileRef = 77B072DBD41E4D75A02808D2 /* khula_bold.ttf */; };
		63AF74A2A89C46C59576EAA2 /* khula_extrabold.ttf in Resources */ = {isa = PBXBuildFile; fileRef = 540D8A841BA54701958D2BE5 /* khula_extrabold.ttf */; };
		353B79B36DDF4166840C56C1 /* khula_light.ttf in Resources */ = {isa = PBXBuildFile; fileRef = 0FBDB02A739D4B90AB4202DE /* khula_light.ttf */; };
		9ED731D3C6B24438ACABBDCF /* khula_regular.ttf in Resources */ = {isa = PBXBuildFile; fileRef = 4D49A985E4724EF29E9CD67D /* khula_regular.ttf */; };
		CE8E4548CA504C828A2073F8 /* khula_semibold.ttf in Resources */ = {isa = PBXBuildFile; fileRef = 7DFEC41CD7624809924B3321 /* khula_semibold.ttf */; };
		C964A44D9E164E8EAF30BD8E /* mavenpro_black.ttf in Resources */ = {isa = PBXBuildFile; fileRef = 38E4875BEBCA4318BC541A8C /* mavenpro_black.ttf */; };
		9AEBA9434D7C4BB7982BC135 /* mavenpro_bold.ttf in Resources */ = {isa = PBXBuildFile; fileRef = 27DF063D6BD9493F932320BE /* mavenpro_bold.ttf */; };
		4C40A82E03E246A3AE205658 /* mavenpro_extrabold.ttf in Resources */ = {isa = PBXBuildFile; fileRef = 28C383B0DCB2408D9714DC63 /* mavenpro_extrabold.ttf */; };
		E3EF563E0BFB431791B92A11 /* mavenpro_medium.ttf in Resources */ = {isa = PBXBuildFile; fileRef = 7BEECAD7692B4816856C2B72 /* mavenpro_medium.ttf */; };
		7A40BAD7A507481F966D232E /* mavenpro_regular.ttf in Resources */ = {isa = PBXBuildFile; fileRef = 2DF1C53CA22B489A93ACA195 /* mavenpro_regular.ttf */; };
		E8CCBFB998B64825A41B089E /* mavenpro_semibold.ttf in Resources */ = {isa = PBXBuildFile; fileRef = D3B2269840A04CBE92D057F0 /* mavenpro_semibold.ttf */; };
		92EC6DEE2DF0465E9F0529EF /* MedievalSharp.ttf in Resources */ = {isa = PBXBuildFile; fileRef = D6FEA5B04F6643598F20BEFA /* MedievalSharp.ttf */; };
		E8E01D52F64840E59EADF6BB /* PlusJakartaSans-Bold.ttf in Resources */ = {isa = PBXBuildFile; fileRef = 813F07BEE2184CF4A68B008D /* PlusJakartaSans-Bold.ttf */; };
		3A10FD4203CB4848BFD7D39B /* PlusJakartaSans-BoldItalic.ttf in Resources */ = {isa = PBXBuildFile; fileRef = 1236D8A9BFEE46719962F5BB /* PlusJakartaSans-BoldItalic.ttf */; };
		37E42104F6B44DDCA3D1AE18 /* PlusJakartaSans-ExtraBold.ttf in Resources */ = {isa = PBXBuildFile; fileRef = 67CA20CB43E64E818ADC572C /* PlusJakartaSans-ExtraBold.ttf */; };
		09DCC4D8EE2844B1892C8D18 /* PlusJakartaSans-ExtraBoldItalic.ttf in Resources */ = {isa = PBXBuildFile; fileRef = C9AEAF0A7CAD40138BFDDD9E /* PlusJakartaSans-ExtraBoldItalic.ttf */; };
		339B1297DE774392B671ED3C /* PlusJakartaSans-ExtraLight.ttf in Resources */ = {isa = PBXBuildFile; fileRef = F7541E3DF64344EABE755C57 /* PlusJakartaSans-ExtraLight.ttf */; };
		207E0F2E8A44429AA8E5AA93 /* PlusJakartaSans-ExtraLightItalic.ttf in Resources */ = {isa = PBXBuildFile; fileRef = 2427D3CB15AB4CFF85BA6127 /* PlusJakartaSans-ExtraLightItalic.ttf */; };
		F6933206D9BC485794EF31BD /* PlusJakartaSans-Italic.ttf in Resources */ = {isa = PBXBuildFile; fileRef = 8AB1EC5633194EFD8345F481 /* PlusJakartaSans-Italic.ttf */; };
		70969AA0B7FB4954835B9CA2 /* PlusJakartaSans-Light.ttf in Resources */ = {isa = PBXBuildFile; fileRef = 34F2B5859FAF4E70BFBD2EE3 /* PlusJakartaSans-Light.ttf */; };
		B275B3C887744C55AFAEE53A /* PlusJakartaSans-LightItalic.ttf in Resources */ = {isa = PBXBuildFile; fileRef = 8D4F3B305B3F46D4AB4BFEE1 /* PlusJakartaSans-LightItalic.ttf */; };
		C77281B7A0E243D2A34B1F60 /* PlusJakartaSans-Medium.ttf in Resources */ = {isa = PBXBuildFile; fileRef = 39316FCF6B4041DBB41D49AC /* PlusJakartaSans-Medium.ttf */; };
		A95DA50788AE4161A4317E38 /* PlusJakartaSans-MediumItalic.ttf in Resources */ = {isa = PBXBuildFile; fileRef = E2BF4F7664E74376B3BD8FBD /* PlusJakartaSans-MediumItalic.ttf */; };
		26CD1BEDFD164C3A8BE9D125 /* PlusJakartaSans-Regular.ttf in Resources */ = {isa = PBXBuildFile; fileRef = 9EA4D4F6FBEF4D7D879A7221 /* PlusJakartaSans-Regular.ttf */; };
		C6E2E5083FD34339B6011ED1 /* PlusJakartaSans-SemiBold.ttf in Resources */ = {isa = PBXBuildFile; fileRef = 116804F4ACB74E1ABBD8EFE0 /* PlusJakartaSans-SemiBold.ttf */; };
		2C2A9B0F618641868A88081A /* PlusJakartaSans-SemiBoldItalic.ttf in Resources */ = {isa = PBXBuildFile; fileRef = 50F65473AC9E461C8198E648 /* PlusJakartaSans-SemiBoldItalic.ttf */; };
/* End PBXBuildFile section */

/* Begin PBXFileReference section */
		13B07F961A680F5B00A75B9A /* FreshBhoj.app */ = {isa = PBXFileReference; explicitFileType = wrapper.application; includeInIndex = 0; path = FreshBhoj.app; sourceTree = BUILT_PRODUCTS_DIR; };
		13B07FB51A68108700A75B9A /* Images.xcassets */ = {isa = PBXFileReference; lastKnownFileType = folder.assetcatalog; name = Images.xcassets; path = FreshBhoj/Images.xcassets; sourceTree = "<group>"; };
		13B07FB61A68108700A75B9A /* Info.plist */ = {isa = PBXFileReference; fileEncoding = 4; lastKnownFileType = text.plist.xml; name = Info.plist; path = FreshBhoj/Info.plist; sourceTree = "<group>"; };
		13B07FB81A68108700A75B9A /* PrivacyInfo.xcprivacy */ = {isa = PBXFileReference; fileEncoding = 4; lastKnownFileType = text.plist.xml; name = PrivacyInfo.xcprivacy; path = FreshBhoj/PrivacyInfo.xcprivacy; sourceTree = "<group>"; };
		3B4392A12AC88292D35C810B /* Pods-FreshBhoj.debug.xcconfig */ = {isa = PBXFileReference; includeInIndex = 1; lastKnownFileType = text.xcconfig; name = "Pods-FreshBhoj.debug.xcconfig"; path = "Target Support Files/Pods-FreshBhoj/Pods-FreshBhoj.debug.xcconfig"; sourceTree = "<group>"; };
		5709B34CF0A7D63546082F79 /* Pods-FreshBhoj.release.xcconfig */ = {isa = PBXFileReference; includeInIndex = 1; lastKnownFileType = text.xcconfig; name = "Pods-FreshBhoj.release.xcconfig"; path = "Target Support Files/Pods-FreshBhoj/Pods-FreshBhoj.release.xcconfig"; sourceTree = "<group>"; };
		5DCACB8F33CDC322A6C60F78 /* libPods-FreshBhoj.a */ = {isa = PBXFileReference; explicitFileType = archive.ar; includeInIndex = 0; path = "libPods-FreshBhoj.a"; sourceTree = BUILT_PRODUCTS_DIR; };
		761780EC2CA45674006654EE /* AppDelegate.swift */ = {isa = PBXFileReference; lastKnownFileType = sourcecode.swift; name = AppDelegate.swift; path = FreshBhoj/AppDelegate.swift; sourceTree = "<group>"; };
		81AB9BB72411601600AC10FF /* LaunchScreen.storyboard */ = {isa = PBXFileReference; fileEncoding = 4; lastKnownFileType = file.storyboard; name = LaunchScreen.storyboard; path = FreshBhoj/LaunchScreen.storyboard; sourceTree = "<group>"; };
		ED297162215061F000B7C4FE /* JavaScriptCore.framework */ = {isa = PBXFileReference; lastKnownFileType = wrapper.framework; name = JavaScriptCore.framework; path = System/Library/Frameworks/JavaScriptCore.framework; sourceTree = SDKROOT; };
		FEBD11EFC6944AFB83831A1B /* ABeeZee-Italic.ttf */ = {isa = PBXFileReference; name = "ABeeZee-Italic.ttf"; path = "../assets/fonts/ABeeZee-Italic.ttf"; sourceTree = "<group>"; fileEncoding = undefined; lastKnownFileType = unknown; explicitFileType = undefined; includeInIndex = 0; };
		B994A7971AB841F799C025B1 /* ABeeZee-Regular.ttf */ = {isa = PBXFileReference; name = "ABeeZee-Regular.ttf"; path = "../assets/fonts/ABeeZee-Regular.ttf"; sourceTree = "<group>"; fileEncoding = undefined; lastKnownFileType = unknown; explicitFileType = undefined; includeInIndex = 0; };
		6042B1A0F9C14A519CA43038 /* ADLaMDisplay.ttf */ = {isa = PBXFileReference; name = "ADLaMDisplay.ttf"; path = "../assets/fonts/ADLaMDisplay.ttf"; sourceTree = "<group>"; fileEncoding = undefined; lastKnownFileType = unknown; explicitFileType = undefined; includeInIndex = 0; };
		06269A66F7194645BC0F1302 /* anekkannada_bold.ttf */ = {isa = PBXFileReference; name = "anekkannada_bold.ttf"; path = "../assets/fonts/anekkannada_bold.ttf"; sourceTree = "<group>"; fileEncoding = undefined; lastKnownFileType = unknown; explicitFileType = undefined; includeInIndex = 0; };
		D09E4DC955D84A8493666F86 /* anekkannada_medium.ttf */ = {isa = PBXFileReference; name = "anekkannada_medium.ttf"; path = "../assets/fonts/anekkannada_medium.ttf"; sourceTree = "<group>"; fileEncoding = undefined; lastKnownFileType = unknown; explicitFileType = undefined; includeInIndex = 0; };
		1081561E915E47D289AA55AF /* anekkannada_regular.ttf */ = {isa = PBXFileReference; name = "anekkannada_regular.ttf"; path = "../assets/fonts/anekkannada_regular.ttf"; sourceTree = "<group>"; fileEncoding = undefined; lastKnownFileType = unknown; explicitFileType = undefined; includeInIndex = 0; };
		0BFE55D597484899881A6CCF /* anekkannada_semibold.ttf */ = {isa = PBXFileReference; name = "anekkannada_semibold.ttf"; path = "../assets/fonts/anekkannada_semibold.ttf"; sourceTree = "<group>"; fileEncoding = undefined; lastKnownFileType = unknown; explicitFileType = undefined; includeInIndex = 0; };
		8F8E39F348EE477DA8BBCF12 /* Inter.ttf */ = {isa = PBXFileReference; name = "Inter.ttf"; path = "../assets/fonts/Inter.ttf"; sourceTree = "<group>"; fileEncoding = undefined; lastKnownFileType = unknown; explicitFileType = undefined; includeInIndex = 0; };
		77B072DBD41E4D75A02808D2 /* khula_bold.ttf */ = {isa = PBXFileReference; name = "khula_bold.ttf"; path = "../assets/fonts/khula_bold.ttf"; sourceTree = "<group>"; fileEncoding = undefined; lastKnownFileType = unknown; explicitFileType = undefined; includeInIndex = 0; };
		540D8A841BA54701958D2BE5 /* khula_extrabold.ttf */ = {isa = PBXFileReference; name = "khula_extrabold.ttf"; path = "../assets/fonts/khula_extrabold.ttf"; sourceTree = "<group>"; fileEncoding = undefined; lastKnownFileType = unknown; explicitFileType = undefined; includeInIndex = 0; };
		0FBDB02A739D4B90AB4202DE /* khula_light.ttf */ = {isa = PBXFileReference; name = "khula_light.ttf"; path = "../assets/fonts/khula_light.ttf"; sourceTree = "<group>"; fileEncoding = undefined; lastKnownFileType = unknown; explicitFileType = undefined; includeInIndex = 0; };
		4D49A985E4724EF29E9CD67D /* khula_regular.ttf */ = {isa = PBXFileReference; name = "khula_regular.ttf"; path = "../assets/fonts/khula_regular.ttf"; sourceTree = "<group>"; fileEncoding = undefined; lastKnownFileType = unknown; explicitFileType = undefined; includeInIndex = 0; };
		7DFEC41CD7624809924B3321 /* khula_semibold.ttf */ = {isa = PBXFileReference; name = "khula_semibold.ttf"; path = "../assets/fonts/khula_semibold.ttf"; sourceTree = "<group>"; fileEncoding = undefined; lastKnownFileType = unknown; explicitFileType = undefined; includeInIndex = 0; };
		38E4875BEBCA4318BC541A8C /* mavenpro_black.ttf */ = {isa = PBXFileReference; name = "mavenpro_black.ttf"; path = "../assets/fonts/mavenpro_black.ttf"; sourceTree = "<group>"; fileEncoding = undefined; lastKnownFileType = unknown; explicitFileType = undefined; includeInIndex = 0; };
		27DF063D6BD9493F932320BE /* mavenpro_bold.ttf */ = {isa = PBXFileReference; name = "mavenpro_bold.ttf"; path = "../assets/fonts/mavenpro_bold.ttf"; sourceTree = "<group>"; fileEncoding = undefined; lastKnownFileType = unknown; explicitFileType = undefined; includeInIndex = 0; };
		28C383B0DCB2408D9714DC63 /* mavenpro_extrabold.ttf */ = {isa = PBXFileReference; name = "mavenpro_extrabold.ttf"; path = "../assets/fonts/mavenpro_extrabold.ttf"; sourceTree = "<group>"; fileEncoding = undefined; lastKnownFileType = unknown; explicitFileType = undefined; includeInIndex = 0; };
		7BEECAD7692B4816856C2B72 /* mavenpro_medium.ttf */ = {isa = PBXFileReference; name = "mavenpro_medium.ttf"; path = "../assets/fonts/mavenpro_medium.ttf"; sourceTree = "<group>"; fileEncoding = undefined; lastKnownFileType = unknown; explicitFileType = undefined; includeInIndex = 0; };
		2DF1C53CA22B489A93ACA195 /* mavenpro_regular.ttf */ = {isa = PBXFileReference; name = "mavenpro_regular.ttf"; path = "../assets/fonts/mavenpro_regular.ttf"; sourceTree = "<group>"; fileEncoding = undefined; lastKnownFileType = unknown; explicitFileType = undefined; includeInIndex = 0; };
		D3B2269840A04CBE92D057F0 /* mavenpro_semibold.ttf */ = {isa = PBXFileReference; name = "mavenpro_semibold.ttf"; path = "../assets/fonts/mavenpro_semibold.ttf"; sourceTree = "<group>"; fileEncoding = undefined; lastKnownFileType = unknown; explicitFileType = undefined; includeInIndex = 0; };
		D6FEA5B04F6643598F20BEFA /* MedievalSharp.ttf */ = {isa = PBXFileReference; name = "MedievalSharp.ttf"; path = "../assets/fonts/MedievalSharp.ttf"; sourceTree = "<group>"; fileEncoding = undefined; lastKnownFileType = unknown; explicitFileType = undefined; includeInIndex = 0; };
		813F07BEE2184CF4A68B008D /* PlusJakartaSans-Bold.ttf */ = {isa = PBXFileReference; name = "PlusJakartaSans-Bold.ttf"; path = "../assets/fonts/PlusJakartaSans-Bold.ttf"; sourceTree = "<group>"; fileEncoding = undefined; lastKnownFileType = unknown; explicitFileType = undefined; includeInIndex = 0; };
		1236D8A9BFEE46719962F5BB /* PlusJakartaSans-BoldItalic.ttf */ = {isa = PBXFileReference; name = "PlusJakartaSans-BoldItalic.ttf"; path = "../assets/fonts/PlusJakartaSans-BoldItalic.ttf"; sourceTree = "<group>"; fileEncoding = undefined; lastKnownFileType = unknown; explicitFileType = undefined; includeInIndex = 0; };
		67CA20CB43E64E818ADC572C /* PlusJakartaSans-ExtraBold.ttf */ = {isa = PBXFileReference; name = "PlusJakartaSans-ExtraBold.ttf"; path = "../assets/fonts/PlusJakartaSans-ExtraBold.ttf"; sourceTree = "<group>"; fileEncoding = undefined; lastKnownFileType = unknown; explicitFileType = undefined; includeInIndex = 0; };
		C9AEAF0A7CAD40138BFDDD9E /* PlusJakartaSans-ExtraBoldItalic.ttf */ = {isa = PBXFileReference; name = "PlusJakartaSans-ExtraBoldItalic.ttf"; path = "../assets/fonts/PlusJakartaSans-ExtraBoldItalic.ttf"; sourceTree = "<group>"; fileEncoding = undefined; lastKnownFileType = unknown; explicitFileType = undefined; includeInIndex = 0; };
		F7541E3DF64344EABE755C57 /* PlusJakartaSans-ExtraLight.ttf */ = {isa = PBXFileReference; name = "PlusJakartaSans-ExtraLight.ttf"; path = "../assets/fonts/PlusJakartaSans-ExtraLight.ttf"; sourceTree = "<group>"; fileEncoding = undefined; lastKnownFileType = unknown; explicitFileType = undefined; includeInIndex = 0; };
		2427D3CB15AB4CFF85BA6127 /* PlusJakartaSans-ExtraLightItalic.ttf */ = {isa = PBXFileReference; name = "PlusJakartaSans-ExtraLightItalic.ttf"; path = "../assets/fonts/PlusJakartaSans-ExtraLightItalic.ttf"; sourceTree = "<group>"; fileEncoding = undefined; lastKnownFileType = unknown; explicitFileType = undefined; includeInIndex = 0; };
		8AB1EC5633194EFD8345F481 /* PlusJakartaSans-Italic.ttf */ = {isa = PBXFileReference; name = "PlusJakartaSans-Italic.ttf"; path = "../assets/fonts/PlusJakartaSans-Italic.ttf"; sourceTree = "<group>"; fileEncoding = undefined; lastKnownFileType = unknown; explicitFileType = undefined; includeInIndex = 0; };
		34F2B5859FAF4E70BFBD2EE3 /* PlusJakartaSans-Light.ttf */ = {isa = PBXFileReference; name = "PlusJakartaSans-Light.ttf"; path = "../assets/fonts/PlusJakartaSans-Light.ttf"; sourceTree = "<group>"; fileEncoding = undefined; lastKnownFileType = unknown; explicitFileType = undefined; includeInIndex = 0; };
		8D4F3B305B3F46D4AB4BFEE1 /* PlusJakartaSans-LightItalic.ttf */ = {isa = PBXFileReference; name = "PlusJakartaSans-LightItalic.ttf"; path = "../assets/fonts/PlusJakartaSans-LightItalic.ttf"; sourceTree = "<group>"; fileEncoding = undefined; lastKnownFileType = unknown; explicitFileType = undefined; includeInIndex = 0; };
		39316FCF6B4041DBB41D49AC /* PlusJakartaSans-Medium.ttf */ = {isa = PBXFileReference; name = "PlusJakartaSans-Medium.ttf"; path = "../assets/fonts/PlusJakartaSans-Medium.ttf"; sourceTree = "<group>"; fileEncoding = undefined; lastKnownFileType = unknown; explicitFileType = undefined; includeInIndex = 0; };
		E2BF4F7664E74376B3BD8FBD /* PlusJakartaSans-MediumItalic.ttf */ = {isa = PBXFileReference; name = "PlusJakartaSans-MediumItalic.ttf"; path = "../assets/fonts/PlusJakartaSans-MediumItalic.ttf"; sourceTree = "<group>"; fileEncoding = undefined; lastKnownFileType = unknown; explicitFileType = undefined; includeInIndex = 0; };
		9EA4D4F6FBEF4D7D879A7221 /* PlusJakartaSans-Regular.ttf */ = {isa = PBXFileReference; name = "PlusJakartaSans-Regular.ttf"; path = "../assets/fonts/PlusJakartaSans-Regular.ttf"; sourceTree = "<group>"; fileEncoding = undefined; lastKnownFileType = unknown; explicitFileType = undefined; includeInIndex = 0; };
		116804F4ACB74E1ABBD8EFE0 /* PlusJakartaSans-SemiBold.ttf */ = {isa = PBXFileReference; name = "PlusJakartaSans-SemiBold.ttf"; path = "../assets/fonts/PlusJakartaSans-SemiBold.ttf"; sourceTree = "<group>"; fileEncoding = undefined; lastKnownFileType = unknown; explicitFileType = undefined; includeInIndex = 0; };
		50F65473AC9E461C8198E648 /* PlusJakartaSans-SemiBoldItalic.ttf */ = {isa = PBXFileReference; name = "PlusJakartaSans-SemiBoldItalic.ttf"; path = "../assets/fonts/PlusJakartaSans-SemiBoldItalic.ttf"; sourceTree = "<group>"; fileEncoding = undefined; lastKnownFileType = unknown; explicitFileType = undefined; includeInIndex = 0; };
/* End PBXFileReference section */

/* Begin PBXFrameworksBuildPhase section */
		13B07F8C1A680F5B00A75B9A /* Frameworks */ = {
			isa = PBXFrameworksBuildPhase;
			buildActionMask = 2147483647;
			files = (
				0C80B921A6F3F58F76C31292 /* libPods-FreshBhoj.a in Frameworks */,
			);
			runOnlyForDeploymentPostprocessing = 0;
		};
/* End PBXFrameworksBuildPhase section */

/* Begin PBXGroup section */
		13B07FAE1A68108700A75B9A /* FreshBhoj */ = {
			isa = PBXGroup;
			children = (
				13B07FB51A68108700A75B9A /* Images.xcassets */,
				761780EC2CA45674006654EE /* AppDelegate.swift */,
				13B07FB61A68108700A75B9A /* Info.plist */,
				81AB9BB72411601600AC10FF /* LaunchScreen.storyboard */,
				13B07FB81A68108700A75B9A /* PrivacyInfo.xcprivacy */,
			);
			name = FreshBhoj;
			sourceTree = "<group>";
		};
		2D16E6871FA4F8E400B85C8A /* Frameworks */ = {
			isa = PBXGroup;
			children = (
				ED297162215061F000B7C4FE /* JavaScriptCore.framework */,
				5DCACB8F33CDC322A6C60F78 /* libPods-FreshBhoj.a */,
			);
			name = Frameworks;
			sourceTree = "<group>";
		};
		832341AE1AAA6A7D00B99B32 /* Libraries */ = {
			isa = PBXGroup;
			children = (
			);
			name = Libraries;
			sourceTree = "<group>";
		};
		83CBB9F61A601CBA00E9B192 = {
			isa = PBXGroup;
			children = (
				13B07FAE1A68108700A75B9A /* FreshBhoj */,
				832341AE1AAA6A7D00B99B32 /* Libraries */,
				83CBBA001A601CBA00E9B192 /* Products */,
				2D16E6871FA4F8E400B85C8A /* Frameworks */,
				BBD78D7AC51CEA395F1C20DB /* Pods */,
				41C67998D0F94B57819F6423 /* Resources */,
			);
			indentWidth = 2;
			sourceTree = "<group>";
			tabWidth = 2;
			usesTabs = 0;
		};
		83CBBA001A601CBA00E9B192 /* Products */ = {
			isa = PBXGroup;
			children = (
				13B07F961A680F5B00A75B9A /* FreshBhoj.app */,
			);
			name = Products;
			sourceTree = "<group>";
		};
		BBD78D7AC51CEA395F1C20DB /* Pods */ = {
			isa = PBXGroup;
			children = (
				3B4392A12AC88292D35C810B /* Pods-FreshBhoj.debug.xcconfig */,
				5709B34CF0A7D63546082F79 /* Pods-FreshBhoj.release.xcconfig */,
			);
			path = Pods;
			sourceTree = "<group>";
		};
		41C67998D0F94B57819F6423 /* Resources */ = {
			isa = "PBXGroup";
			children = (
				FEBD11EFC6944AFB83831A1B /* ABeeZee-Italic.ttf */,
				B994A7971AB841F799C025B1 /* ABeeZee-Regular.ttf */,
				6042B1A0F9C14A519CA43038 /* ADLaMDisplay.ttf */,
				06269A66F7194645BC0F1302 /* anekkannada_bold.ttf */,
				D09E4DC955D84A8493666F86 /* anekkannada_medium.ttf */,
				1081561E915E47D289AA55AF /* anekkannada_regular.ttf */,
				0BFE55D597484899881A6CCF /* anekkannada_semibold.ttf */,
				8F8E39F348EE477DA8BBCF12 /* Inter.ttf */,
				77B072DBD41E4D75A02808D2 /* khula_bold.ttf */,
				540D8A841BA54701958D2BE5 /* khula_extrabold.ttf */,
				0FBDB02A739D4B90AB4202DE /* khula_light.ttf */,
				4D49A985E4724EF29E9CD67D /* khula_regular.ttf */,
				7DFEC41CD7624809924B3321 /* khula_semibold.ttf */,
				38E4875BEBCA4318BC541A8C /* mavenpro_black.ttf */,
				27DF063D6BD9493F932320BE /* mavenpro_bold.ttf */,
				28C383B0DCB2408D9714DC63 /* mavenpro_extrabold.ttf */,
				7BEECAD7692B4816856C2B72 /* mavenpro_medium.ttf */,
				2DF1C53CA22B489A93ACA195 /* mavenpro_regular.ttf */,
				D3B2269840A04CBE92D057F0 /* mavenpro_semibold.ttf */,
				D6FEA5B04F6643598F20BEFA /* MedievalSharp.ttf */,
				813F07BEE2184CF4A68B008D /* PlusJakartaSans-Bold.ttf */,
				1236D8A9BFEE46719962F5BB /* PlusJakartaSans-BoldItalic.ttf */,
				67CA20CB43E64E818ADC572C /* PlusJakartaSans-ExtraBold.ttf */,
				C9AEAF0A7CAD40138BFDDD9E /* PlusJakartaSans-ExtraBoldItalic.ttf */,
				F7541E3DF64344EABE755C57 /* PlusJakartaSans-ExtraLight.ttf */,
				2427D3CB15AB4CFF85BA6127 /* PlusJakartaSans-ExtraLightItalic.ttf */,
				8AB1EC5633194EFD8345F481 /* PlusJakartaSans-Italic.ttf */,
				34F2B5859FAF4E70BFBD2EE3 /* PlusJakartaSans-Light.ttf */,
				8D4F3B305B3F46D4AB4BFEE1 /* PlusJakartaSans-LightItalic.ttf */,
				39316FCF6B4041DBB41D49AC /* PlusJakartaSans-Medium.ttf */,
				E2BF4F7664E74376B3BD8FBD /* PlusJakartaSans-MediumItalic.ttf */,
				9EA4D4F6FBEF4D7D879A7221 /* PlusJakartaSans-Regular.ttf */,
				116804F4ACB74E1ABBD8EFE0 /* PlusJakartaSans-SemiBold.ttf */,
				50F65473AC9E461C8198E648 /* PlusJakartaSans-SemiBoldItalic.ttf */,
			);
			name = Resources;
			sourceTree = "<group>";
			path = "";
		};
/* End PBXGroup section */

/* Begin PBXNativeTarget section */
		13B07F861A680F5B00A75B9A /* FreshBhoj */ = {
			isa = PBXNativeTarget;
			buildConfigurationList = 13B07F931A680F5B00A75B9A /* Build configuration list for PBXNativeTarget "FreshBhoj" */;
			buildPhases = (
				C38B50BA6285516D6DCD4F65 /* [CP] Check Pods Manifest.lock */,
				13B07F871A680F5B00A75B9A /* Sources */,
				13B07F8C1A680F5B00A75B9A /* Frameworks */,
				13B07F8E1A680F5B00A75B9A /* Resources */,
				00DD1BFF1BD5951E006B06BC /* Bundle React Native code and images */,
				00EEFC60759A1932668264C0 /* [CP] Embed Pods Frameworks */,
				E235C05ADACE081382539298 /* [CP] Copy Pods Resources */,
			);
			buildRules = (
			);
			dependencies = (
			);
			name = FreshBhoj;
			productName = FreshBhoj;
			productReference = 13B07F961A680F5B00A75B9A /* FreshBhoj.app */;
			productType = "com.apple.product-type.application";
		};
/* End PBXNativeTarget section */

/* Begin PBXProject section */
		83CBB9F71A601CBA00E9B192 /* Project object */ = {
			isa = PBXProject;
			attributes = {
				LastUpgradeCheck = 1210;
				TargetAttributes = {
					13B07F861A680F5B00A75B9A = {
						LastSwiftMigration = 1120;
					};
				};
			};
			buildConfigurationList = 83CBB9FA1A601CBA00E9B192 /* Build configuration list for PBXProject "FreshBhoj" */;
			compatibilityVersion = "Xcode 12.0";
			developmentRegion = en;
			hasScannedForEncodings = 0;
			knownRegions = (
				en,
				Base,
			);
			mainGroup = 83CBB9F61A601CBA00E9B192;
			productRefGroup = 83CBBA001A601CBA00E9B192 /* Products */;
			projectDirPath = "";
			projectRoot = "";
			targets = (
				13B07F861A680F5B00A75B9A /* FreshBhoj */,
			);
		};
/* End PBXProject section */

/* Begin PBXResourcesBuildPhase section */
		13B07F8E1A680F5B00A75B9A /* Resources */ = {
			isa = PBXResourcesBuildPhase;
			buildActionMask = 2147483647;
			files = (
				81AB9BB82411601600AC10FF /* LaunchScreen.storyboard in Resources */,
				13B07FBF1A68108700A75B9A /* Images.xcassets in Resources */,
				9944A67DA7CB48EFA7E458FF /* ABeeZee-Italic.ttf in Resources */,
				15C233541D3C4D3A8A0CD58F /* ABeeZee-Regular.ttf in Resources */,
				059C2C9999CB4F97A18981B2 /* ADLaMDisplay.ttf in Resources */,
				FB765826C727470881375785 /* anekkannada_bold.ttf in Resources */,
				07EE23947E494E78AEDD3AD2 /* anekkannada_medium.ttf in Resources */,
				6CC672A4E92E4FDEBDD61A6D /* anekkannada_regular.ttf in Resources */,
				F186C77910854E42A0B6B9DA /* anekkannada_semibold.ttf in Resources */,
				C2026D1018EB4362A2B13701 /* Inter.ttf in Resources */,
				C1D223966DB7479BAC7E2064 /* khula_bold.ttf in Resources */,
				63AF74A2A89C46C59576EAA2 /* khula_extrabold.ttf in Resources */,
				353B79B36DDF4166840C56C1 /* khula_light.ttf in Resources */,
				9ED731D3C6B24438ACABBDCF /* khula_regular.ttf in Resources */,
				CE8E4548CA504C828A2073F8 /* khula_semibold.ttf in Resources */,
				C964A44D9E164E8EAF30BD8E /* mavenpro_black.ttf in Resources */,
				9AEBA9434D7C4BB7982BC135 /* mavenpro_bold.ttf in Resources */,
				4C40A82E03E246A3AE205658 /* mavenpro_extrabold.ttf in Resources */,
				E3EF563E0BFB431791B92A11 /* mavenpro_medium.ttf in Resources */,
				7A40BAD7A507481F966D232E /* mavenpro_regular.ttf in Resources */,
				E8CCBFB998B64825A41B089E /* mavenpro_semibold.ttf in Resources */,
				92EC6DEE2DF0465E9F0529EF /* MedievalSharp.ttf in Resources */,
				E8E01D52F64840E59EADF6BB /* PlusJakartaSans-Bold.ttf in Resources */,
				3A10FD4203CB4848BFD7D39B /* PlusJakartaSans-BoldItalic.ttf in Resources */,
				37E42104F6B44DDCA3D1AE18 /* PlusJakartaSans-ExtraBold.ttf in Resources */,
				09DCC4D8EE2844B1892C8D18 /* PlusJakartaSans-ExtraBoldItalic.ttf in Resources */,
				339B1297DE774392B671ED3C /* PlusJakartaSans-ExtraLight.ttf in Resources */,
				207E0F2E8A44429AA8E5AA93 /* PlusJakartaSans-ExtraLightItalic.ttf in Resources */,
				F6933206D9BC485794EF31BD /* PlusJakartaSans-Italic.ttf in Resources */,
				70969AA0B7FB4954835B9CA2 /* PlusJakartaSans-Light.ttf in Resources */,
				B275B3C887744C55AFAEE53A /* PlusJakartaSans-LightItalic.ttf in Resources */,
				C77281B7A0E243D2A34B1F60 /* PlusJakartaSans-Medium.ttf in Resources */,
				A95DA50788AE4161A4317E38 /* PlusJakartaSans-MediumItalic.ttf in Resources */,
				26CD1BEDFD164C3A8BE9D125 /* PlusJakartaSans-Regular.ttf in Resources */,
				C6E2E5083FD34339B6011ED1 /* PlusJakartaSans-SemiBold.ttf in Resources */,
				2C2A9B0F618641868A88081A /* PlusJakartaSans-SemiBoldItalic.ttf in Resources */,
			);
			runOnlyForDeploymentPostprocessing = 0;
		};
/* End PBXResourcesBuildPhase section */

/* Begin PBXShellScriptBuildPhase section */
		00DD1BFF1BD5951E006B06BC /* Bundle React Native code and images */ = {
			isa = PBXShellScriptBuildPhase;
			buildActionMask = 2147483647;
			files = (
			);
			inputPaths = (
				"$(SRCROOT)/.xcode.env.local",
				"$(SRCROOT)/.xcode.env",
			);
			name = "Bundle React Native code and images";
			outputPaths = (
			);
			runOnlyForDeploymentPostprocessing = 0;
			shellPath = /bin/sh;
			shellScript = "set -e\n\nWITH_ENVIRONMENT=\"$REACT_NATIVE_PATH/scripts/xcode/with-environment.sh\"\nREACT_NATIVE_XCODE=\"$REACT_NATIVE_PATH/scripts/react-native-xcode.sh\"\n\n/bin/sh -c \"\\\"$WITH_ENVIRONMENT\\\" \\\"$REACT_NATIVE_XCODE\\\"\"\n";
		};
		00EEFC60759A1932668264C0 /* [CP] Embed Pods Frameworks */ = {
			isa = PBXShellScriptBuildPhase;
			buildActionMask = 2147483647;
			files = (
			);
			inputFileListPaths = (
				"${PODS_ROOT}/Target Support Files/Pods-FreshBhoj/Pods-FreshBhoj-frameworks-${CONFIGURATION}-input-files.xcfilelist",
			);
			name = "[CP] Embed Pods Frameworks";
			outputFileListPaths = (
				"${PODS_ROOT}/Target Support Files/Pods-FreshBhoj/Pods-FreshBhoj-frameworks-${CONFIGURATION}-output-files.xcfilelist",
			);
			runOnlyForDeploymentPostprocessing = 0;
			shellPath = /bin/sh;
			shellScript = "\"${PODS_ROOT}/Target Support Files/Pods-FreshBhoj/Pods-FreshBhoj-frameworks.sh\"\n";
			showEnvVarsInLog = 0;
		};
		C38B50BA6285516D6DCD4F65 /* [CP] Check Pods Manifest.lock */ = {
			isa = PBXShellScriptBuildPhase;
			buildActionMask = 2147483647;
			files = (
			);
			inputFileListPaths = (
			);
			inputPaths = (
				"${PODS_PODFILE_DIR_PATH}/Podfile.lock",
				"${PODS_ROOT}/Manifest.lock",
			);
			name = "[CP] Check Pods Manifest.lock";
			outputFileListPaths = (
			);
			outputPaths = (
				"$(DERIVED_FILE_DIR)/Pods-FreshBhoj-checkManifestLockResult.txt",
			);
			runOnlyForDeploymentPostprocessing = 0;
			shellPath = /bin/sh;
			shellScript = "diff \"${PODS_PODFILE_DIR_PATH}/Podfile.lock\" \"${PODS_ROOT}/Manifest.lock\" > /dev/null\nif [ $? != 0 ] ; then\n    # print error to STDERR\n    echo \"error: The sandbox is not in sync with the Podfile.lock. Run 'pod install' or update your CocoaPods installation.\" >&2\n    exit 1\nfi\n# This output is used by Xcode 'outputs' to avoid re-running this script phase.\necho \"SUCCESS\" > \"${SCRIPT_OUTPUT_FILE_0}\"\n";
			showEnvVarsInLog = 0;
		};
		E235C05ADACE081382539298 /* [CP] Copy Pods Resources */ = {
			isa = PBXShellScriptBuildPhase;
			buildActionMask = 2147483647;
			files = (
			);
			inputFileListPaths = (
				"${PODS_ROOT}/Target Support Files/Pods-FreshBhoj/Pods-FreshBhoj-resources-${CONFIGURATION}-input-files.xcfilelist",
			);
			name = "[CP] Copy Pods Resources";
			outputFileListPaths = (
				"${PODS_ROOT}/Target Support Files/Pods-FreshBhoj/Pods-FreshBhoj-resources-${CONFIGURATION}-output-files.xcfilelist",
			);
			runOnlyForDeploymentPostprocessing = 0;
			shellPath = /bin/sh;
			shellScript = "\"${PODS_ROOT}/Target Support Files/Pods-FreshBhoj/Pods-FreshBhoj-resources.sh\"\n";
			showEnvVarsInLog = 0;
		};
/* End PBXShellScriptBuildPhase section */

/* Begin PBXSourcesBuildPhase section */
		13B07F871A680F5B00A75B9A /* Sources */ = {
			isa = PBXSourcesBuildPhase;
			buildActionMask = 2147483647;
			files = (
				761780ED2CA45674006654EE /* AppDelegate.swift in Sources */,
			);
			runOnlyForDeploymentPostprocessing = 0;
		};
/* End PBXSourcesBuildPhase section */

/* Begin XCBuildConfiguration section */
		13B07F941A680F5B00A75B9A /* Debug */ = {
			isa = XCBuildConfiguration;
			baseConfigurationReference = 3B4392A12AC88292D35C810B /* Pods-FreshBhoj.debug.xcconfig */;
			buildSettings = {
				ASSETCATALOG_COMPILER_APPICON_NAME = AppIcon;
				CLANG_ENABLE_MODULES = YES;
				CURRENT_PROJECT_VERSION = 1;
				ENABLE_BITCODE = NO;
				INFOPLIST_FILE = FreshBhoj/Info.plist;
				IPHONEOS_DEPLOYMENT_TARGET = 15.1;
				LD_RUNPATH_SEARCH_PATHS = (
					"$(inherited)",
					"@executable_path/Frameworks",
				);
				MARKETING_VERSION = 1.0;
				OTHER_LDFLAGS = (
					"$(inherited)",
					"-ObjC",
					"-lc++",
				);
				PRODUCT_BUNDLE_IDENTIFIER = "org.reactjs.native.example.$(PRODUCT_NAME:rfc1034identifier)";
				PRODUCT_NAME = FreshBhoj;
				SUPPORTED_PLATFORMS = "iphoneos iphonesimulator";
				SWIFT_OPTIMIZATION_LEVEL = "-Onone";
				SWIFT_VERSION = 5.0;
				TARGETED_DEVICE_FAMILY = "1,2";
				VERSIONING_SYSTEM = "apple-generic";
			};
			name = Debug;
		};
		13B07F951A680F5B00A75B9A /* Release */ = {
			isa = XCBuildConfiguration;
			baseConfigurationReference = 5709B34CF0A7D63546082F79 /* Pods-FreshBhoj.release.xcconfig */;
			buildSettings = {
				ASSETCATALOG_COMPILER_APPICON_NAME = AppIcon;
				CLANG_ENABLE_MODULES = YES;
				CURRENT_PROJECT_VERSION = 1;
				INFOPLIST_FILE = FreshBhoj/Info.plist;
				IPHONEOS_DEPLOYMENT_TARGET = 15.1;
				LD_RUNPATH_SEARCH_PATHS = (
					"$(inherited)",
					"@executable_path/Frameworks",
				);
				MARKETING_VERSION = 1.0;
				OTHER_LDFLAGS = (
					"$(inherited)",
					"-ObjC",
					"-lc++",
				);
				PRODUCT_BUNDLE_IDENTIFIER = "org.reactjs.native.example.$(PRODUCT_NAME:rfc1034identifier)";
				PRODUCT_NAME = FreshBhoj;
				SUPPORTED_PLATFORMS = "iphoneos iphonesimulator";
				SWIFT_VERSION = 5.0;
				TARGETED_DEVICE_FAMILY = "1,2";
				VERSIONING_SYSTEM = "apple-generic";
			};
			name = Release;
		};
		83CBBA201A601CBA00E9B192 /* Debug */ = {
			isa = XCBuildConfiguration;
			buildSettings = {
				ALWAYS_SEARCH_USER_PATHS = NO;
				CLANG_ANALYZER_LOCALIZABILITY_NONLOCALIZED = YES;
				CLANG_CXX_LANGUAGE_STANDARD = "c++20";
				CLANG_CXX_LIBRARY = "libc++";
				CLANG_ENABLE_MODULES = YES;
				CLANG_ENABLE_OBJC_ARC = YES;
				CLANG_WARN_BLOCK_CAPTURE_AUTORELEASING = YES;
				CLANG_WARN_BOOL_CONVERSION = YES;
				CLANG_WARN_COMMA = YES;
				CLANG_WARN_CONSTANT_CONVERSION = YES;
				CLANG_WARN_DEPRECATED_OBJC_IMPLEMENTATIONS = YES;
				CLANG_WARN_DIRECT_OBJC_ISA_USAGE = YES_ERROR;
				CLANG_WARN_EMPTY_BODY = YES;
				CLANG_WARN_ENUM_CONVERSION = YES;
				CLANG_WARN_INFINITE_RECURSION = YES;
				CLANG_WARN_INT_CONVERSION = YES;
				CLANG_WARN_NON_LITERAL_NULL_CONVERSION = YES;
				CLANG_WARN_OBJC_IMPLICIT_RETAIN_SELF = YES;
				CLANG_WARN_OBJC_LITERAL_CONVERSION = YES;
				CLANG_WARN_OBJC_ROOT_CLASS = YES_ERROR;
				CLANG_WARN_QUOTED_INCLUDE_IN_FRAMEWORK_HEADER = YES;
				CLANG_WARN_RANGE_LOOP_ANALYSIS = YES;
				CLANG_WARN_STRICT_PROTOTYPES = YES;
				CLANG_WARN_SUSPICIOUS_MOVE = YES;
				CLANG_WARN_UNREACHABLE_CODE = YES;
				CLANG_WARN__DUPLICATE_METHOD_MATCH = YES;
				"CODE_SIGN_IDENTITY[sdk=iphoneos*]" = "iPhone Developer";
				COPY_PHASE_STRIP = NO;
				ENABLE_STRICT_OBJC_MSGSEND = YES;
				ENABLE_TESTABILITY = YES;
				"EXCLUDED_ARCHS[sdk=iphonesimulator*]" = "";
				GCC_C_LANGUAGE_STANDARD = gnu99;
				GCC_DYNAMIC_NO_PIC = NO;
				GCC_NO_COMMON_BLOCKS = YES;
				GCC_OPTIMIZATION_LEVEL = 0;
				GCC_PREPROCESSOR_DEFINITIONS = (
					"DEBUG=1",
					"$(inherited)",
				);
				GCC_SYMBOLS_PRIVATE_EXTERN = NO;
				GCC_WARN_64_TO_32_BIT_CONVERSION = YES;
				GCC_WARN_ABOUT_RETURN_TYPE = YES_ERROR;
				GCC_WARN_UNDECLARED_SELECTOR = YES;
				GCC_WARN_UNINITIALIZED_AUTOS = YES_AGGRESSIVE;
				GCC_WARN_UNUSED_FUNCTION = YES;
				GCC_WARN_UNUSED_VARIABLE = YES;
				IPHONEOS_DEPLOYMENT_TARGET = 15.1;
				LD_RUNPATH_SEARCH_PATHS = (
					/usr/lib/swift,
					"$(inherited)",
				);
				LIBRARY_SEARCH_PATHS = (
					"\"$(SDKROOT)/usr/lib/swift\"",
					"\"$(TOOLCHAIN_DIR)/usr/lib/swift/$(PLATFORM_NAME)\"",
					"\"$(inherited)\"",
				);
				MTL_ENABLE_DEBUG_INFO = YES;
				ONLY_ACTIVE_ARCH = YES;
				OTHER_CPLUSPLUSFLAGS = (
					"$(OTHER_CFLAGS)",
					"-DFOLLY_NO_CONFIG",
					"-DFOLLY_MOBILE=1",
					"-DFOLLY_USE_LIBCPP=1",
					"-DFOLLY_CFG_NO_COROUTINES=1",
					"-DFOLLY_HAVE_CLOCK_GETTIME=1",
				);
				SDKROOT = iphoneos;
			};
			name = Debug;
		};
		83CBBA211A601CBA00E9B192 /* Release */ = {
			isa = XCBuildConfiguration;
			buildSettings = {
				ALWAYS_SEARCH_USER_PATHS = NO;
				CLANG_ANALYZER_LOCALIZABILITY_NONLOCALIZED = YES;
				CLANG_CXX_LANGUAGE_STANDARD = "c++20";
				CLANG_CXX_LIBRARY = "libc++";
				CLANG_ENABLE_MODULES = YES;
				CLANG_ENABLE_OBJC_ARC = YES;
				CLANG_WARN_BLOCK_CAPTURE_AUTORELEASING = YES;
				CLANG_WARN_BOOL_CONVERSION = YES;
				CLANG_WARN_COMMA = YES;
				CLANG_WARN_CONSTANT_CONVERSION = YES;
				CLANG_WARN_DEPRECATED_OBJC_IMPLEMENTATIONS = YES;
				CLANG_WARN_DIRECT_OBJC_ISA_USAGE = YES_ERROR;
				CLANG_WARN_EMPTY_BODY = YES;
				CLANG_WARN_ENUM_CONVERSION = YES;
				CLANG_WARN_INFINITE_RECURSION = YES;
				CLANG_WARN_INT_CONVERSION = YES;
				CLANG_WARN_NON_LITERAL_NULL_CONVERSION = YES;
				CLANG_WARN_OBJC_IMPLICIT_RETAIN_SELF = YES;
				CLANG_WARN_OBJC_LITERAL_CONVERSION = YES;
				CLANG_WARN_OBJC_ROOT_CLASS = YES_ERROR;
				CLANG_WARN_QUOTED_INCLUDE_IN_FRAMEWORK_HEADER = YES;
				CLANG_WARN_RANGE_LOOP_ANALYSIS = YES;
				CLANG_WARN_STRICT_PROTOTYPES = YES;
				CLANG_WARN_SUSPICIOUS_MOVE = YES;
				CLANG_WARN_UNREACHABLE_CODE = YES;
				CLANG_WARN__DUPLICATE_METHOD_MATCH = YES;
				"CODE_SIGN_IDENTITY[sdk=iphoneos*]" = "iPhone Developer";
				COPY_PHASE_STRIP = YES;
				ENABLE_NS_ASSERTIONS = NO;
				ENABLE_STRICT_OBJC_MSGSEND = YES;
				"EXCLUDED_ARCHS[sdk=iphonesimulator*]" = "";
				GCC_C_LANGUAGE_STANDARD = gnu99;
				GCC_NO_COMMON_BLOCKS = YES;
				GCC_WARN_64_TO_32_BIT_CONVERSION = YES;
				GCC_WARN_ABOUT_RETURN_TYPE = YES_ERROR;
				GCC_WARN_UNDECLARED_SELECTOR = YES;
				GCC_WARN_UNINITIALIZED_AUTOS = YES_AGGRESSIVE;
				GCC_WARN_UNUSED_FUNCTION = YES;
				GCC_WARN_UNUSED_VARIABLE = YES;
				IPHONEOS_DEPLOYMENT_TARGET = 15.1;
				LD_RUNPATH_SEARCH_PATHS = (
					/usr/lib/swift,
					"$(inherited)",
				);
				LIBRARY_SEARCH_PATHS = (
					"\"$(SDKROOT)/usr/lib/swift\"",
					"\"$(TOOLCHAIN_DIR)/usr/lib/swift/$(PLATFORM_NAME)\"",
					"\"$(inherited)\"",
				);
				MTL_ENABLE_DEBUG_INFO = NO;
				OTHER_CPLUSPLUSFLAGS = (
					"$(OTHER_CFLAGS)",
					"-DFOLLY_NO_CONFIG",
					"-DFOLLY_MOBILE=1",
					"-DFOLLY_USE_LIBCPP=1",
					"-DFOLLY_CFG_NO_COROUTINES=1",
					"-DFOLLY_HAVE_CLOCK_GETTIME=1",
				);
				SDKROOT = iphoneos;
				VALIDATE_PRODUCT = YES;
			};
			name = Release;
		};
/* End XCBuildConfiguration section */

/* Begin XCConfigurationList section */
		13B07F931A680F5B00A75B9A /* Build configuration list for PBXNativeTarget "FreshBhoj" */ = {
			isa = XCConfigurationList;
			buildConfigurations = (
				13B07F941A680F5B00A75B9A /* Debug */,
				13B07F951A680F5B00A75B9A /* Release */,
			);
			defaultConfigurationIsVisible = 0;
			defaultConfigurationName = Release;
		};
		83CBB9FA1A601CBA00E9B192 /* Build configuration list for PBXProject "FreshBhoj" */ = {
			isa = XCConfigurationList;
			buildConfigurations = (
				83CBBA201A601CBA00E9B192 /* Debug */,
				83CBBA211A601CBA00E9B192 /* Release */,
			);
			defaultConfigurationIsVisible = 0;
			defaultConfigurationName = Release;
		};
/* End XCConfigurationList section */
	};
	rootObject = 83CBB9F71A601CBA00E9B192 /* Project object */;
}
